<?xml version="1.0" encoding="utf-8"?>
<Project ToolsVersion="4.0" xmlns="http://schemas.microsoft.com/developer/msbuild/2003">
  <ItemGroup>
    <Filter Include="Header Files">
      <UniqueIdentifier>{93995380-89BD-4b04-88EB-625FBE52EBFB}</UniqueIdentifier>
      <Extensions>h;hh;hpp;hxx;hm;inl;inc;ipp;xsd</Extensions>
    </Filter>
    <Filter Include="Managers">
      <UniqueIdentifier>{77562586-f5a1-4884-98fa-20962bed9322}</UniqueIdentifier>
    </Filter>
    <Filter Include="Core">
      <UniqueIdentifier>{b19e08f4-595e-4795-b434-2cc466d8190b}</UniqueIdentifier>
    </Filter>
    <Filter Include="Game Objects">
      <UniqueIdentifier>{75bf5008-142c-48cd-abcf-f84961ed010a}</UniqueIdentifier>
    </Filter>
    <Filter Include="UI">
      <UniqueIdentifier>{7bd41d00-0ed0-47b9-8217-cf9a0704f0be}</UniqueIdentifier>
    </Filter>
    <Filter Include="States">
      <UniqueIdentifier>{7a5ce3e7-6e9e-4119-b075-03e9faab78e3}</UniqueIdentifier>
    </Filter>
    <Filter Include="TinyXML2">
      <UniqueIdentifier>{2396ae67-9a74-46c0-8bc5-235a04485311}</UniqueIdentifier>
    </Filter>
    <Filter Include="Data">
      <UniqueIdentifier>{92e789be-de52-4230-9f69-2bef3f20d91b}</UniqueIdentifier>
    </Filter>
  </ItemGroup>
  <ItemGroup>
    <ClCompile Include="..\src\CollisionManager.cpp">
      <Filter>Managers</Filter>
    </ClCompile>
    <ClCompile Include="..\src\DebugManager.cpp">
      <Filter>Managers</Filter>
    </ClCompile>
    <ClCompile Include="..\src\EventManager.cpp">
      <Filter>Managers</Filter>
    </ClCompile>
    <ClCompile Include="..\src\FontManager.cpp">
      <Filter>Managers</Filter>
    </ClCompile>
    <ClCompile Include="..\src\MathManager.cpp">
      <Filter>Managers</Filter>
    </ClCompile>
    <ClCompile Include="..\src\SoundManager.cpp">
      <Filter>Managers</Filter>
    </ClCompile>
    <ClCompile Include="..\src\StateManager.cpp">
      <Filter>Managers</Filter>
    </ClCompile>
    <ClCompile Include="..\src\TextureManager.cpp">
      <Filter>Managers</Filter>
    </ClCompile>
    <ClCompile Include="..\src\TitleState.cpp">
      <Filter>States</Filter>
    </ClCompile>
    <ClCompile Include="..\src\States.cpp">
      <Filter>States</Filter>
    </ClCompile>
    <ClCompile Include="..\src\GameState.cpp">
      <Filter>States</Filter>
    </ClCompile>
    <ClCompile Include="..\src\Main.cpp">
      <Filter>Core</Filter>
    </ClCompile>
    <ClCompile Include="..\src\Engine.cpp">
      <Filter>Core</Filter>
    </ClCompile>
    <ClCompile Include="..\src\Button.cpp">
      <Filter>UI</Filter>
    </ClCompile>
    <ClCompile Include="..\src\Label.cpp">
      <Filter>UI</Filter>
    </ClCompile>
    <ClCompile Include="..\src\PlatformPlayer.cpp">
      <Filter>Game Objects</Filter>
    </ClCompile>
    <ClCompile Include="..\src\Background.cpp">
      <Filter>Game Objects</Filter>
    </ClCompile>
    <ClCompile Include="..\src\WeaponObject.cpp">
      <Filter>Game Objects</Filter>
    </ClCompile>
    <ClCompile Include="..\src\EndState.cpp">
      <Filter>States</Filter>
    </ClCompile>
    <ClCompile Include="..\src\PauseState.cpp">
      <Filter>States</Filter>
    </ClCompile>
    <ClCompile Include="..\src\TiledLevel.cpp">
      <Filter>Game Objects</Filter>
    </ClCompile>
    <ClCompile Include="..\src\ItemObject.cpp">
      <Filter>Game Objects</Filter>
    </ClCompile>
    <ClCompile Include="..\src\Heart.cpp">
      <Filter>UI</Filter>
    </ClCompile>
    <ClCompile Include="..\src\SwordSkill.cpp">
      <Filter>UI</Filter>
    </ClCompile>
    <ClCompile Include="..\src\tinyxml2.cpp">
      <Filter>TinyXML2</Filter>
    </ClCompile>
    <ClCompile Include="..\src\Enemy.cpp">
      <Filter>Game Objects</Filter>
    </ClCompile>
    <ClCompile Include="..\src\Slime.cpp">
      <Filter>Game Objects</Filter>
    </ClCompile>
    <ClCompile Include="..\src\Potion.cpp">
      <Filter>Game Objects</Filter>
    </ClCompile>
  </ItemGroup>
  <ItemGroup>
    <ClInclude Include="resource.h">
      <Filter>Header Files</Filter>
    </ClInclude>
    <ClInclude Include="..\src\DebugManager.h">
      <Filter>Managers</Filter>
    </ClInclude>
    <ClInclude Include="..\src\CollisionManager.h">
      <Filter>Managers</Filter>
    </ClInclude>
    <ClInclude Include="..\src\EventManager.h">
      <Filter>Managers</Filter>
    </ClInclude>
    <ClInclude Include="..\src\FontManager.h">
      <Filter>Managers</Filter>
    </ClInclude>
    <ClInclude Include="..\src\MathManager.h">
      <Filter>Managers</Filter>
    </ClInclude>
    <ClInclude Include="..\src\SoundManager.h">
      <Filter>Managers</Filter>
    </ClInclude>
    <ClInclude Include="..\src\StateManager.h">
      <Filter>Managers</Filter>
    </ClInclude>
    <ClInclude Include="..\src\TextureManager.h">
      <Filter>Managers</Filter>
    </ClInclude>
    <ClInclude Include="..\src\GameState.h">
      <Filter>States</Filter>
    </ClInclude>
    <ClInclude Include="..\src\States.h">
      <Filter>States</Filter>
    </ClInclude>
    <ClInclude Include="..\src\TitleState.h">
      <Filter>States</Filter>
    </ClInclude>
    <ClInclude Include="..\src\Engine.h">
      <Filter>Core</Filter>
    </ClInclude>
    <ClInclude Include="..\src\Button.h">
      <Filter>UI</Filter>
    </ClInclude>
    <ClInclude Include="..\src\Label.h">
      <Filter>UI</Filter>
    </ClInclude>
    <ClInclude Include="..\src\PlatformPlayer.h">
      <Filter>Game Objects</Filter>
    </ClInclude>
    <ClInclude Include="..\src\GameObject.h">
      <Filter>Core</Filter>
    </ClInclude>
    <ClInclude Include="..\src\SpriteObject.h">
      <Filter>Core</Filter>
    </ClInclude>
    <ClInclude Include="..\src\Background.h">
      <Filter>Game Objects</Filter>
    </ClInclude>
    <ClInclude Include="..\src\WeaponObject.h">
      <Filter>Game Objects</Filter>
    </ClInclude>
    <ClInclude Include="..\src\TiledLevel.h">
      <Filter>Game Objects</Filter>
    </ClInclude>
    <ClInclude Include="..\src\EndState.h">
      <Filter>States</Filter>
    </ClInclude>
    <ClInclude Include="..\src\PauseState.h">
      <Filter>States</Filter>
    </ClInclude>
    <ClInclude Include="..\src\ItemObject.h">
      <Filter>Game Objects</Filter>
    </ClInclude>
    <ClInclude Include="..\src\Heart.h">
      <Filter>UI</Filter>
    </ClInclude>
    <ClInclude Include="..\src\SwordSkill.h">
      <Filter>UI</Filter>
    </ClInclude>
    <ClInclude Include="..\src\tinyxml2.h">
      <Filter>TinyXML2</Filter>
    </ClInclude>
    <ClInclude Include="..\src\Enemy.h">
      <Filter>Game Objects</Filter>
    </ClInclude>
    <ClInclude Include="..\src\Slime.h">
      <Filter>Game Objects</Filter>
    </ClInclude>
    <ClInclude Include="..\src\Potion.h">
      <Filter>Game Objects</Filter>
    </ClInclude>
  </ItemGroup>
  <ItemGroup>
    <Text Include="Dat\Level1.txt">
      <Filter>Data</Filter>
    </Text>
    <Text Include="Dat\Mario_test.txt">
      <Filter>Data</Filter>
    </Text>
    <Text Include="Dat\Tiledata.txt">
      <Filter>Data</Filter>
    </Text>
  </ItemGroup>
  <ItemGroup>
    <Xml Include="Dat\TileData.xml">
      <Filter>Data</Filter>
    </Xml>
  </ItemGroup>
  <ItemGroup>
    <Image Include="Img\Slime.png">
      <Filter>Game Objects</Filter>
    </Image>
    <Image Include="Img\Potion.png">
      <Filter>Game Objects</Filter>
    </Image>
  </ItemGroup>
</Project>